
Microsoft Visual Studio Solution File, Format Version 12.00
# Visual Studio Version 16
VisualStudioVersion = 16.0.29215.179
MinimumVisualStudioVersion = 15.0.26124.0
Project("{9A19103F-16F7-4668-BE54-9A1E7A4F7556}") = "Evento.Api", "Evento.Api\Evento.Api.csproj", "{6669D820-8659-4CA6-8C70-D6F621F6150C}"
EndProject
Project("{9A19103F-16F7-4668-BE54-9A1E7A4F7556}") = "Evento.Core", "Evento.Core\Evento.Core.csproj", "{9D970828-D71E-4B6D-A873-25D84AA65767}"
EndProject
Project("{9A19103F-16F7-4668-BE54-9A1E7A4F7556}") = "Evento.Infrastructure", "Evento.Infrastructure\Evento.Infrastructure.csproj", "{6A10299A-7958-4C14-BE2B-96C4C9F421B0}"
EndProject
Project("{FAE04EC0-301F-11D3-BF4B-00C04F79EFBC}") = "Evento.Tests", "Evento.Tests\Evento.Tests.csproj", "{26AEEB77-904C-4085-BE8E-7389B73018AE}"
EndProject
Project("{FAE04EC0-301F-11D3-BF4B-00C04F79EFBC}") = "Evento.Tests.EndToEnd", "Evento.Tests.EndToEnd\Evento.Tests.EndToEnd.csproj", "{D3C5D291-79F1-47D2-9BEB-4BEF91FEA193}"
EndProject
Global
	GlobalSection(SolutionConfigurationPlatforms) = preSolution
		Debug|Any CPU = Debug|Any CPU
		Debug|x64 = Debug|x64
		Debug|x86 = Debug|x86
		Release|Any CPU = Release|Any CPU
		Release|x64 = Release|x64
		Release|x86 = Release|x86
	EndGlobalSection
	GlobalSection(ProjectConfigurationPlatforms) = postSolution
		{6669D820-8659-4CA6-8C70-D6F621F6150C}.Debug|Any CPU.ActiveCfg = Debug|Any CPU
		{6669D820-8659-4CA6-8C70-D6F621F6150C}.Debug|Any CPU.Build.0 = Debug|Any CPU
		{6669D820-8659-4CA6-8C70-D6F621F6150C}.Debug|x64.ActiveCfg = Debug|Any CPU
		{6669D820-8659-4CA6-8C70-D6F621F6150C}.Debug|x64.Build.0 = Debug|Any CPU
		{6669D820-8659-4CA6-8C70-D6F621F6150C}.Debug|x86.ActiveCfg = Debug|Any CPU
		{6669D820-8659-4CA6-8C70-D6F621F6150C}.Debug|x86.Build.0 = Debug|Any CPU
		{6669D820-8659-4CA6-8C70-D6F621F6150C}.Release|Any CPU.ActiveCfg = Release|Any CPU
		{6669D820-8659-4CA6-8C70-D6F621F6150C}.Release|Any CPU.Build.0 = Release|Any CPU
		{6669D820-8659-4CA6-8C70-D6F621F6150C}.Release|x64.ActiveCfg = Release|Any CPU
		{6669D820-8659-4CA6-8C70-D6F621F6150C}.Release|x64.Build.0 = Release|Any CPU
		{6669D820-8659-4CA6-8C70-D6F621F6150C}.Release|x86.ActiveCfg = Release|Any CPU
		{6669D820-8659-4CA6-8C70-D6F621F6150C}.Release|x86.Build.0 = Release|Any CPU
		{9D970828-D71E-4B6D-A873-25D84AA65767}.Debug|Any CPU.ActiveCfg = Debug|Any CPU
		{9D970828-D71E-4B6D-A873-25D84AA65767}.Debug|Any CPU.Build.0 = Debug|Any CPU
		{9D970828-D71E-4B6D-A873-25D84AA65767}.Debug|x64.ActiveCfg = Debug|Any CPU
		{9D970828-D71E-4B6D-A873-25D84AA65767}.Debug|x64.Build.0 = Debug|Any CPU
		{9D970828-D71E-4B6D-A873-25D84AA65767}.Debug|x86.ActiveCfg = Debug|Any CPU
		{9D970828-D71E-4B6D-A873-25D84AA65767}.Debug|x86.Build.0 = Debug|Any CPU
		{9D970828-D71E-4B6D-A873-25D84AA65767}.Release|Any CPU.ActiveCfg = Release|Any CPU
		{9D970828-D71E-4B6D-A873-25D84AA65767}.Release|Any CPU.Build.0 = Release|Any CPU
		{9D970828-D71E-4B6D-A873-25D84AA65767}.Release|x64.ActiveCfg = Release|Any CPU
		{9D970828-D71E-4B6D-A873-25D84AA65767}.Release|x64.Build.0 = Release|Any CPU
		{9D970828-D71E-4B6D-A873-25D84AA65767}.Release|x86.ActiveCfg = Release|Any CPU
		{9D970828-D71E-4B6D-A873-25D84AA65767}.Release|x86.Build.0 = Release|Any CPU
		{6A10299A-7958-4C14-BE2B-96C4C9F421B0}.Debug|Any CPU.ActiveCfg = Debug|Any CPU
		{6A10299A-7958-4C14-BE2B-96C4C9F421B0}.Debug|Any CPU.Build.0 = Debug|Any CPU
		{6A10299A-7958-4C14-BE2B-96C4C9F421B0}.Debug|x64.ActiveCfg = Debug|Any CPU
		{6A10299A-7958-4C14-BE2B-96C4C9F421B0}.Debug|x64.Build.0 = Debug|Any CPU
		{6A10299A-7958-4C14-BE2B-96C4C9F421B0}.Debug|x86.ActiveCfg = Debug|Any CPU
		{6A10299A-7958-4C14-BE2B-96C4C9F421B0}.Debug|x86.Build.0 = Debug|Any CPU
		{6A10299A-7958-4C14-BE2B-96C4C9F421B0}.Release|Any CPU.ActiveCfg = Release|Any CPU
		{6A10299A-7958-4C14-BE2B-96C4C9F421B0}.Release|Any CPU.Build.0 = Release|Any CPU
		{6A10299A-7958-4C14-BE2B-96C4C9F421B0}.Release|x64.ActiveCfg = Release|Any CPU
		{6A10299A-7958-4C14-BE2B-96C4C9F421B0}.Release|x64.Build.0 = Release|Any CPU
		{6A10299A-7958-4C14-BE2B-96C4C9F421B0}.Release|x86.ActiveCfg = Release|Any CPU
		{6A10299A-7958-4C14-BE2B-96C4C9F421B0}.Release|x86.Build.0 = Release|Any CPU
		{26AEEB77-904C-4085-BE8E-7389B73018AE}.Debug|Any CPU.ActiveCfg = Debug|Any CPU
		{26AEEB77-904C-4085-BE8E-7389B73018AE}.Debug|Any CPU.Build.0 = Debug|Any CPU
		{26AEEB77-904C-4085-BE8E-7389B73018AE}.Debug|x64.ActiveCfg = Debug|Any CPU
		{26AEEB77-904C-4085-BE8E-7389B73018AE}.Debug|x64.Build.0 = Debug|Any CPU
		{26AEEB77-904C-4085-BE8E-7389B73018AE}.Debug|x86.ActiveCfg = Debug|Any CPU
		{26AEEB77-904C-4085-BE8E-7389B73018AE}.Debug|x86.Build.0 = Debug|Any CPU
		{26AEEB77-904C-4085-BE8E-7389B73018AE}.Release|Any CPU.ActiveCfg = Release|Any CPU
		{26AEEB77-904C-4085-BE8E-7389B73018AE}.Release|Any CPU.Build.0 = Release|Any CPU
		{26AEEB77-904C-4085-BE8E-7389B73018AE}.Release|x64.ActiveCfg = Release|Any CPU
		{26AEEB77-904C-4085-BE8E-7389B73018AE}.Release|x64.Build.0 = Release|Any CPU
		{26AEEB77-904C-4085-BE8E-7389B73018AE}.Release|x86.ActiveCfg = Release|Any CPU
		{26AEEB77-904C-4085-BE8E-7389B73018AE}.Release|x86.Build.0 = Release|Any CPU
		{D3C5D291-79F1-47D2-9BEB-4BEF91FEA193}.Debug|Any CPU.ActiveCfg = Debug|Any CPU
		{D3C5D291-79F1-47D2-9BEB-4BEF91FEA193}.Debug|Any CPU.Build.0 = Debug|Any CPU
		{D3C5D291-79F1-47D2-9BEB-4BEF91FEA193}.Debug|x64.ActiveCfg = Debug|Any CPU
		{D3C5D291-79F1-47D2-9BEB-4BEF91FEA193}.Debug|x64.Build.0 = Debug|Any CPU
		{D3C5D291-79F1-47D2-9BEB-4BEF91FEA193}.Debug|x86.ActiveCfg = Debug|Any CPU
		{D3C5D291-79F1-47D2-9BEB-4BEF91FEA193}.Debug|x86.Build.0 = Debug|Any CPU
		{D3C5D291-79F1-47D2-9BEB-4BEF91FEA193}.Release|Any CPU.ActiveCfg = Release|Any CPU
		{D3C5D291-79F1-47D2-9BEB-4BEF91FEA193}.Release|Any CPU.Build.0 = Release|Any CPU
		{D3C5D291-79F1-47D2-9BEB-4BEF91FEA193}.Release|x64.ActiveCfg = Release|Any CPU
		{D3C5D291-79F1-47D2-9BEB-4BEF91FEA193}.Release|x64.Build.0 = Release|Any CPU
		{D3C5D291-79F1-47D2-9BEB-4BEF91FEA193}.Release|x86.ActiveCfg = Release|Any CPU
		{D3C5D291-79F1-47D2-9BEB-4BEF91FEA193}.Release|x86.Build.0 = Release|Any CPU
	EndGlobalSection
	GlobalSection(SolutionProperties) = preSolution
		HideSolutionNode = FALSE
	EndGlobalSection
	GlobalSection(ExtensibilityGlobals) = postSolution
		SolutionGuid = {03A44BB8-D751-4638-8EA2-D170712DCA68}
	EndGlobalSection
EndGlobal
